
Microsoft Visual Studio Solution File, Format Version 12.00
# Visual Studio Version 17
VisualStudioVersion = 17.1.32228.430
MinimumVisualStudioVersion = 10.0.40219.1
Project("{FAE04EC0-301F-11D3-BF4B-00C04F79EFBC}") = "Zad2", "Zad2.csproj", "{516F1BC0-D111-4BD0-82FA-EE0BD0673703}"
EndProject
Global
	GlobalSection(SolutionConfigurationPlatforms) = preSolution
		Debug|Any CPU = Debug|Any CPU
		Release|Any CPU = Release|Any CPU
	EndGlobalSection
	GlobalSection(ProjectConfigurationPlatforms) = postSolution
		{516F1BC0-D111-4BD0-82FA-EE0BD0673703}.Debug|Any CPU.ActiveCfg = Debug|Any CPU
		{516F1BC0-D111-4BD0-82FA-EE0BD0673703}.Debug|Any CPU.Build.0 = Debug|Any CPU
		{516F1BC0-D111-4BD0-82FA-EE0BD0673703}.Release|Any CPU.ActiveCfg = Release|Any CPU
		{516F1BC0-D111-4BD0-82FA-EE0BD0673703}.Release|Any CPU.Build.0 = Release|Any CPU
	EndGlobalSection
	GlobalSection(SolutionProperties) = preSolution
		HideSolutionNode = FALSE
	EndGlobalSection
	GlobalSection(ExtensibilityGlobals) = postSolution
		SolutionGuid = {28F55C1D-52DF-4C64-A78A-EC9EE808E57C}
	EndGlobalSection
EndGlobal
