
Microsoft Visual Studio Solution File, Format Version 12.00
# Visual Studio Version 16
VisualStudioVersion = 16.0.31313.79
MinimumVisualStudioVersion = 10.0.40219.1
Project("{9A19103F-16F7-4668-BE54-9A1E7A4F7556}") = "BlazorClientSideSamples.Server", "BlazorClientSideSamples\Server\BlazorClientSideSamples.Server.csproj", "{8AEF75C4-0978-4986-BCAD-0FA25B365736}"
EndProject
Project("{9A19103F-16F7-4668-BE54-9A1E7A4F7556}") = "BlazorClientSideSamples.Client", "BlazorClientSideSamples\Client\BlazorClientSideSamples.Client.csproj", "{1AC33B14-B2B0-4B89-A366-333C8E20EC3A}"
EndProject
Project("{9A19103F-16F7-4668-BE54-9A1E7A4F7556}") = "BlazorClientSideSamples.Shared", "BlazorClientSideSamples\Shared\BlazorClientSideSamples.Shared.csproj", "{28166316-9BB9-418B-AA24-AD0893C78E8E}"
EndProject
Global
	GlobalSection(SolutionConfigurationPlatforms) = preSolution
		Debug|Any CPU = Debug|Any CPU
		Release|Any CPU = Release|Any CPU
	EndGlobalSection
	GlobalSection(ProjectConfigurationPlatforms) = postSolution
		{8AEF75C4-0978-4986-BCAD-0FA25B365736}.Debug|Any CPU.ActiveCfg = Debug|Any CPU
		{8AEF75C4-0978-4986-BCAD-0FA25B365736}.Debug|Any CPU.Build.0 = Debug|Any CPU
		{8AEF75C4-0978-4986-BCAD-0FA25B365736}.Release|Any CPU.ActiveCfg = Release|Any CPU
		{8AEF75C4-0978-4986-BCAD-0FA25B365736}.Release|Any CPU.Build.0 = Release|Any CPU
		{1AC33B14-B2B0-4B89-A366-333C8E20EC3A}.Debug|Any CPU.ActiveCfg = Debug|Any CPU
		{1AC33B14-B2B0-4B89-A366-333C8E20EC3A}.Debug|Any CPU.Build.0 = Debug|Any CPU
		{1AC33B14-B2B0-4B89-A366-333C8E20EC3A}.Release|Any CPU.ActiveCfg = Release|Any CPU
		{1AC33B14-B2B0-4B89-A366-333C8E20EC3A}.Release|Any CPU.Build.0 = Release|Any CPU
		{28166316-9BB9-418B-AA24-AD0893C78E8E}.Debug|Any CPU.ActiveCfg = Debug|Any CPU
		{28166316-9BB9-418B-AA24-AD0893C78E8E}.Debug|Any CPU.Build.0 = Debug|Any CPU
		{28166316-9BB9-418B-AA24-AD0893C78E8E}.Release|Any CPU.ActiveCfg = Release|Any CPU
		{28166316-9BB9-418B-AA24-AD0893C78E8E}.Release|Any CPU.Build.0 = Release|Any CPU
	EndGlobalSection
	GlobalSection(SolutionProperties) = preSolution
		HideSolutionNode = FALSE
	EndGlobalSection
	GlobalSection(ExtensibilityGlobals) = postSolution
		SolutionGuid = {D3210744-F255-498E-961E-39F21DA2D940}
	EndGlobalSection
EndGlobal
